// !$*UTF8*$!
{
	archiveVersion = 1;
	classes = {
	};
	objectVersion = 50;
	objects = {

/* Begin PBXBuildFile section */
		EE5D98572563015800A1380B /* Utilities.swift in Sources */ = {isa = PBXBuildFile; fileRef = EE5D98562563015800A1380B /* Utilities.swift */; };
		EE5D98592563109B00A1380B /* DailyWeatherStruct.swift in Sources */ = {isa = PBXBuildFile; fileRef = EE5D98582563109B00A1380B /* DailyWeatherStruct.swift */; };
		EE5D985B256323AF00A1380B /* DailyTableViewCell.swift in Sources */ = {isa = PBXBuildFile; fileRef = EE5D985A256323AF00A1380B /* DailyTableViewCell.swift */; };
		EE5D985D25632BB400A1380B /* HourlyWeatherStruct.swift in Sources */ = {isa = PBXBuildFile; fileRef = EE5D985C25632BB400A1380B /* HourlyWeatherStruct.swift */; };
		EE78973C2561B403006FD0A2 /* WeatherSingleton.swift in Sources */ = {isa = PBXBuildFile; fileRef = EE78973B2561B403006FD0A2 /* WeatherSingleton.swift */; };
		EE87B4D2256121FB00B2867F /* MapViewController.swift in Sources */ = {isa = PBXBuildFile; fileRef = EE87B4D1256121FB00B2867F /* MapViewController.swift */; };
		EE88FC8E2562BA5800319775 /* APIKey.swift in Sources */ = {isa = PBXBuildFile; fileRef = EE88FC8D2562BA5800319775 /* APIKey.swift */; };
		EE88FC902562BEF400319775 /* WeatherDetailClass.swift in Sources */ = {isa = PBXBuildFile; fileRef = EE88FC8F2562BEF400319775 /* WeatherDetailClass.swift */; };
		EEBDD319255EE03000072AC6 /* LocationDetailViewViewController.swift in Sources */ = {isa = PBXBuildFile; fileRef = EEBDD318255EE03000072AC6 /* LocationDetailViewViewController.swift */; };
		EED43758255EC69500C42987 /* AppDelegate.swift in Sources */ = {isa = PBXBuildFile; fileRef = EED43757255EC69500C42987 /* AppDelegate.swift */; };
		EED4375A255EC69500C42987 /* SceneDelegate.swift in Sources */ = {isa = PBXBuildFile; fileRef = EED43759255EC69500C42987 /* SceneDelegate.swift */; };
		EED4375C255EC69500C42987 /* LocationListViewController.swift in Sources */ = {isa = PBXBuildFile; fileRef = EED4375B255EC69500C42987 /* LocationListViewController.swift */; };
		EED4375F255EC69500C42987 /* Main.storyboard in Resources */ = {isa = PBXBuildFile; fileRef = EED4375D255EC69500C42987 /* Main.storyboard */; };
		EED43761255EC6A700C42987 /* Assets.xcassets in Resources */ = {isa = PBXBuildFile; fileRef = EED43760255EC6A700C42987 /* Assets.xcassets */; };
		EED43764255EC6A700C42987 /* LaunchScreen.storyboard in Resources */ = {isa = PBXBuildFile; fileRef = EED43762255EC6A700C42987 /* LaunchScreen.storyboard */; };
		EED4376F255EC6A800C42987 /* WeatherAppTests.swift in Sources */ = {isa = PBXBuildFile; fileRef = EED4376E255EC6A800C42987 /* WeatherAppTests.swift */; };
		EED4377A255EC6A800C42987 /* WeatherAppUITests.swift in Sources */ = {isa = PBXBuildFile; fileRef = EED43779255EC6A800C42987 /* WeatherAppUITests.swift */; };
		EED43788255EC6DA00C42987 /* WeatherLocation.swift in Sources */ = {isa = PBXBuildFile; fileRef = EED43787255EC6DA00C42987 /* WeatherLocation.swift */; };
/* End PBXBuildFile section */

/* Begin PBXContainerItemProxy section */
		EED4376B255EC6A800C42987 /* PBXContainerItemProxy */ = {
			isa = PBXContainerItemProxy;
			containerPortal = EED4374C255EC69500C42987 /* Project object */;
			proxyType = 1;
			remoteGlobalIDString = EED43753255EC69500C42987;
			remoteInfo = WeatherApp;
		};
		EED43776255EC6A800C42987 /* PBXContainerItemProxy */ = {
			isa = PBXContainerItemProxy;
			containerPortal = EED4374C255EC69500C42987 /* Project object */;
			proxyType = 1;
			remoteGlobalIDString = EED43753255EC69500C42987;
			remoteInfo = WeatherApp;
		};
/* End PBXContainerItemProxy section */

/* Begin PBXFileReference section */
		EE5D98562563015800A1380B /* Utilities.swift */ = {isa = PBXFileReference; lastKnownFileType = sourcecode.swift; path = Utilities.swift; sourceTree = "<group>"; };
		EE5D98582563109B00A1380B /* DailyWeatherStruct.swift */ = {isa = PBXFileReference; lastKnownFileType = sourcecode.swift; path = DailyWeatherStruct.swift; sourceTree = "<group>"; };
		EE5D985A256323AF00A1380B /* DailyTableViewCell.swift */ = {isa = PBXFileReference; lastKnownFileType = sourcecode.swift; path = DailyTableViewCell.swift; sourceTree = "<group>"; };
		EE5D985C25632BB400A1380B /* HourlyWeatherStruct.swift */ = {isa = PBXFileReference; lastKnownFileType = sourcecode.swift; path = HourlyWeatherStruct.swift; sourceTree = "<group>"; };
		EE78973B2561B403006FD0A2 /* WeatherSingleton.swift */ = {isa = PBXFileReference; lastKnownFileType = sourcecode.swift; path = WeatherSingleton.swift; sourceTree = "<group>"; };
		EE87B4D1256121FB00B2867F /* MapViewController.swift */ = {isa = PBXFileReference; lastKnownFileType = sourcecode.swift; path = MapViewController.swift; sourceTree = "<group>"; };
		EE88FC8D2562BA5800319775 /* APIKey.swift */ = {isa = PBXFileReference; lastKnownFileType = sourcecode.swift; path = APIKey.swift; sourceTree = "<group>"; };
		EE88FC8F2562BEF400319775 /* WeatherDetailClass.swift */ = {isa = PBXFileReference; lastKnownFileType = sourcecode.swift; path = WeatherDetailClass.swift; sourceTree = "<group>"; };
		EEBDD318255EE03000072AC6 /* LocationDetailViewViewController.swift */ = {isa = PBXFileReference; lastKnownFileType = sourcecode.swift; path = LocationDetailViewViewController.swift; sourceTree = "<group>"; };
		EED43754255EC69500C42987 /* WeatherApp.app */ = {isa = PBXFileReference; explicitFileType = wrapper.application; includeInIndex = 0; path = WeatherApp.app; sourceTree = BUILT_PRODUCTS_DIR; };
		EED43757255EC69500C42987 /* AppDelegate.swift */ = {isa = PBXFileReference; lastKnownFileType = sourcecode.swift; path = AppDelegate.swift; sourceTree = "<group>"; };
		EED43759255EC69500C42987 /* SceneDelegate.swift */ = {isa = PBXFileReference; lastKnownFileType = sourcecode.swift; path = SceneDelegate.swift; sourceTree = "<group>"; };
		EED4375B255EC69500C42987 /* LocationListViewController.swift */ = {isa = PBXFileReference; lastKnownFileType = sourcecode.swift; path = LocationListViewController.swift; sourceTree = "<group>"; };
		EED4375E255EC69500C42987 /* Base */ = {isa = PBXFileReference; lastKnownFileType = file.storyboard; name = Base; path = Base.lproj/Main.storyboard; sourceTree = "<group>"; };
		EED43760255EC6A700C42987 /* Assets.xcassets */ = {isa = PBXFileReference; lastKnownFileType = folder.assetcatalog; path = Assets.xcassets; sourceTree = "<group>"; };
		EED43763255EC6A700C42987 /* Base */ = {isa = PBXFileReference; lastKnownFileType = file.storyboard; name = Base; path = Base.lproj/LaunchScreen.storyboard; sourceTree = "<group>"; };
		EED43765255EC6A700C42987 /* Info.plist */ = {isa = PBXFileReference; lastKnownFileType = text.plist.xml; path = Info.plist; sourceTree = "<group>"; };
		EED4376A255EC6A800C42987 /* WeatherAppTests.xctest */ = {isa = PBXFileReference; explicitFileType = wrapper.cfbundle; includeInIndex = 0; path = WeatherAppTests.xctest; sourceTree = BUILT_PRODUCTS_DIR; };
		EED4376E255EC6A800C42987 /* WeatherAppTests.swift */ = {isa = PBXFileReference; lastKnownFileType = sourcecode.swift; path = WeatherAppTests.swift; sourceTree = "<group>"; };
		EED43770255EC6A800C42987 /* Info.plist */ = {isa = PBXFileReference; lastKnownFileType = text.plist.xml; path = Info.plist; sourceTree = "<group>"; };
		EED43775255EC6A800C42987 /* WeatherAppUITests.xctest */ = {isa = PBXFileReference; explicitFileType = wrapper.cfbundle; includeInIndex = 0; path = WeatherAppUITests.xctest; sourceTree = BUILT_PRODUCTS_DIR; };
		EED43779255EC6A800C42987 /* WeatherAppUITests.swift */ = {isa = PBXFileReference; lastKnownFileType = sourcecode.swift; path = WeatherAppUITests.swift; sourceTree = "<group>"; };
		EED4377B255EC6A800C42987 /* Info.plist */ = {isa = PBXFileReference; lastKnownFileType = text.plist.xml; path = Info.plist; sourceTree = "<group>"; };
		EED43787255EC6DA00C42987 /* WeatherLocation.swift */ = {isa = PBXFileReference; lastKnownFileType = sourcecode.swift; path = WeatherLocation.swift; sourceTree = "<group>"; };
/* End PBXFileReference section */

/* Begin PBXFrameworksBuildPhase section */
		EED43751255EC69500C42987 /* Frameworks */ = {
			isa = PBXFrameworksBuildPhase;
			buildActionMask = 2147483647;
			files = (
			);
			runOnlyForDeploymentPostprocessing = 0;
		};
		EED43767255EC6A800C42987 /* Frameworks */ = {
			isa = PBXFrameworksBuildPhase;
			buildActionMask = 2147483647;
			files = (
			);
			runOnlyForDeploymentPostprocessing = 0;
		};
		EED43772255EC6A800C42987 /* Frameworks */ = {
			isa = PBXFrameworksBuildPhase;
			buildActionMask = 2147483647;
			files = (
			);
			runOnlyForDeploymentPostprocessing = 0;
		};
/* End PBXFrameworksBuildPhase section */

/* Begin PBXGroup section */
		EE5D98552563011900A1380B /* Helpers */ = {
			isa = PBXGroup;
			children = (
				EE5D98562563015800A1380B /* Utilities.swift */,
			);
			path = Helpers;
			sourceTree = "<group>";
		};
		EE78973A2561B39D006FD0A2 /* Singletons */ = {
			isa = PBXGroup;
			children = (
				EE78973B2561B403006FD0A2 /* WeatherSingleton.swift */,
			);
			path = Singletons;
			sourceTree = "<group>";
		};
		EED4374B255EC69500C42987 = {
			isa = PBXGroup;
			children = (
				EED43756255EC69500C42987 /* WeatherApp */,
				EED4376D255EC6A800C42987 /* WeatherAppTests */,
				EED43778255EC6A800C42987 /* WeatherAppUITests */,
				EED43755255EC69500C42987 /* Products */,
			);
			sourceTree = "<group>";
		};
		EED43755255EC69500C42987 /* Products */ = {
			isa = PBXGroup;
			children = (
				EED43754255EC69500C42987 /* WeatherApp.app */,
				EED4376A255EC6A800C42987 /* WeatherAppTests.xctest */,
				EED43775255EC6A800C42987 /* WeatherAppUITests.xctest */,
			);
			name = Products;
			sourceTree = "<group>";
		};
		EED43756255EC69500C42987 /* WeatherApp */ = {
			isa = PBXGroup;
			children = (
				EED43757255EC69500C42987 /* AppDelegate.swift */,
				EED43759255EC69500C42987 /* SceneDelegate.swift */,
				EED4375B255EC69500C42987 /* LocationListViewController.swift */,
				EE87B4D1256121FB00B2867F /* MapViewController.swift */,
				EEBDD318255EE03000072AC6 /* LocationDetailViewViewController.swift */,
				EE88FC8F2562BEF400319775 /* WeatherDetailClass.swift */,
				EE5D98582563109B00A1380B /* DailyWeatherStruct.swift */,
				EE5D985C25632BB400A1380B /* HourlyWeatherStruct.swift */,
				EE5D985A256323AF00A1380B /* DailyTableViewCell.swift */,
				EED4375D255EC69500C42987 /* Main.storyboard */,
				EED43760255EC6A700C42987 /* Assets.xcassets */,
				EED43762255EC6A700C42987 /* LaunchScreen.storyboard */,
				EED43765255EC6A700C42987 /* Info.plist */,
				EE88FC8D2562BA5800319775 /* APIKey.swift */,
				EED43787255EC6DA00C42987 /* WeatherLocation.swift */,
				EE5D98552563011900A1380B /* Helpers */,
				EE78973A2561B39D006FD0A2 /* Singletons */,
			);
			path = WeatherApp;
			sourceTree = "<group>";
		};
		EED4376D255EC6A800C42987 /* WeatherAppTests */ = {
			isa = PBXGroup;
			children = (
				EED4376E255EC6A800C42987 /* WeatherAppTests.swift */,
				EED43770255EC6A800C42987 /* Info.plist */,
			);
			path = WeatherAppTests;
			sourceTree = "<group>";
		};
		EED43778255EC6A800C42987 /* WeatherAppUITests */ = {
			isa = PBXGroup;
			children = (
				EED43779255EC6A800C42987 /* WeatherAppUITests.swift */,
				EED4377B255EC6A800C42987 /* Info.plist */,
			);
			path = WeatherAppUITests;
			sourceTree = "<group>";
		};
/* End PBXGroup section */

/* Begin PBXNativeTarget section */
		EED43753255EC69500C42987 /* WeatherApp */ = {
			isa = PBXNativeTarget;
			buildConfigurationList = EED4377E255EC6A800C42987 /* Build configuration list for PBXNativeTarget "WeatherApp" */;
			buildPhases = (
				EED43750255EC69500C42987 /* Sources */,
				EED43751255EC69500C42987 /* Frameworks */,
				EED43752255EC69500C42987 /* Resources */,
			);
			buildRules = (
			);
			dependencies = (
			);
			name = WeatherApp;
			productName = WeatherApp;
			productReference = EED43754255EC69500C42987 /* WeatherApp.app */;
			productType = "com.apple.product-type.application";
		};
		EED43769255EC6A800C42987 /* WeatherAppTests */ = {
			isa = PBXNativeTarget;
			buildConfigurationList = EED43781255EC6A800C42987 /* Build configuration list for PBXNativeTarget "WeatherAppTests" */;
			buildPhases = (
				EED43766255EC6A800C42987 /* Sources */,
				EED43767255EC6A800C42987 /* Frameworks */,
				EED43768255EC6A800C42987 /* Resources */,
			);
			buildRules = (
			);
			dependencies = (
				EED4376C255EC6A800C42987 /* PBXTargetDependency */,
			);
			name = WeatherAppTests;
			productName = WeatherAppTests;
			productReference = EED4376A255EC6A800C42987 /* WeatherAppTests.xctest */;
			productType = "com.apple.product-type.bundle.unit-test";
		};
		EED43774255EC6A800C42987 /* WeatherAppUITests */ = {
			isa = PBXNativeTarget;
			buildConfigurationList = EED43784255EC6A800C42987 /* Build configuration list for PBXNativeTarget "WeatherAppUITests" */;
			buildPhases = (
				EED43771255EC6A800C42987 /* Sources */,
				EED43772255EC6A800C42987 /* Frameworks */,
				EED43773255EC6A800C42987 /* Resources */,
			);
			buildRules = (
			);
			dependencies = (
				EED43777255EC6A800C42987 /* PBXTargetDependency */,
			);
			name = WeatherAppUITests;
			productName = WeatherAppUITests;
			productReference = EED43775255EC6A800C42987 /* WeatherAppUITests.xctest */;
			productType = "com.apple.product-type.bundle.ui-testing";
		};
/* End PBXNativeTarget section */

/* Begin PBXProject section */
		EED4374C255EC69500C42987 /* Project object */ = {
			isa = PBXProject;
			attributes = {
				LastSwiftUpdateCheck = 1150;
				LastUpgradeCheck = 1150;
				ORGANIZATIONNAME = "JOEL CRAWFORD";
				TargetAttributes = {
					EED43753255EC69500C42987 = {
						CreatedOnToolsVersion = 11.5;
					};
					EED43769255EC6A800C42987 = {
						CreatedOnToolsVersion = 11.5;
						TestTargetID = EED43753255EC69500C42987;
					};
					EED43774255EC6A800C42987 = {
						CreatedOnToolsVersion = 11.5;
						TestTargetID = EED43753255EC69500C42987;
					};
				};
			};
			buildConfigurationList = EED4374F255EC69500C42987 /* Build configuration list for PBXProject "WeatherApp" */;
			compatibilityVersion = "Xcode 9.3";
			developmentRegion = en;
			hasScannedForEncodings = 0;
			knownRegions = (
				en,
				Base,
			);
			mainGroup = EED4374B255EC69500C42987;
			productRefGroup = EED43755255EC69500C42987 /* Products */;
			projectDirPath = "";
			projectRoot = "";
			targets = (
				EED43753255EC69500C42987 /* WeatherApp */,
				EED43769255EC6A800C42987 /* WeatherAppTests */,
				EED43774255EC6A800C42987 /* WeatherAppUITests */,
			);
		};
/* End PBXProject section */

/* Begin PBXResourcesBuildPhase section */
		EED43752255EC69500C42987 /* Resources */ = {
			isa = PBXResourcesBuildPhase;
			buildActionMask = 2147483647;
			files = (
				EED43764255EC6A700C42987 /* LaunchScreen.storyboard in Resources */,
				EED43761255EC6A700C42987 /* Assets.xcassets in Resources */,
				EED4375F255EC69500C42987 /* Main.storyboard in Resources */,
			);
			runOnlyForDeploymentPostprocessing = 0;
		};
		EED43768255EC6A800C42987 /* Resources */ = {
			isa = PBXResourcesBuildPhase;
			buildActionMask = 2147483647;
			files = (
			);
			runOnlyForDeploymentPostprocessing = 0;
		};
		EED43773255EC6A800C42987 /* Resources */ = {
			isa = PBXResourcesBuildPhase;
			buildActionMask = 2147483647;
			files = (
			);
			runOnlyForDeploymentPostprocessing = 0;
		};
/* End PBXResourcesBuildPhase section */

/* Begin PBXSourcesBuildPhase section */
		EED43750255EC69500C42987 /* Sources */ = {
			isa = PBXSourcesBuildPhase;
			buildActionMask = 2147483647;
			files = (
				EEBDD319255EE03000072AC6 /* LocationDetailViewViewController.swift in Sources */,
				EED4375C255EC69500C42987 /* LocationListViewController.swift in Sources */,
				EE88FC902562BEF400319775 /* WeatherDetailClass.swift in Sources */,
				EE88FC8E2562BA5800319775 /* APIKey.swift in Sources */,
				EED43788255EC6DA00C42987 /* WeatherLocation.swift in Sources */,
				EE78973C2561B403006FD0A2 /* WeatherSingleton.swift in Sources */,
				EE5D985D25632BB400A1380B /* HourlyWeatherStruct.swift in Sources */,
				EED43758255EC69500C42987 /* AppDelegate.swift in Sources */,
				EE5D98592563109B00A1380B /* DailyWeatherStruct.swift in Sources */,
				EED4375A255EC69500C42987 /* SceneDelegate.swift in Sources */,
				EE5D985B256323AF00A1380B /* DailyTableViewCell.swift in Sources */,
				EE5D98572563015800A1380B /* Utilities.swift in Sources */,
				EE87B4D2256121FB00B2867F /* MapViewController.swift in Sources */,
			);
			runOnlyForDeploymentPostprocessing = 0;
		};
		EED43766255EC6A800C42987 /* Sources */ = {
			isa = PBXSourcesBuildPhase;
			buildActionMask = 2147483647;
			files = (
				EED4376F255EC6A800C42987 /* WeatherAppTests.swift in Sources */,
			);
			runOnlyForDeploymentPostprocessing = 0;
		};
		EED43771255EC6A800C42987 /* Sources */ = {
			isa = PBXSourcesBuildPhase;
			buildActionMask = 2147483647;
			files = (
				EED4377A255EC6A800C42987 /* WeatherAppUITests.swift in Sources */,
			);
			runOnlyForDeploymentPostprocessing = 0;
		};
/* End PBXSourcesBuildPhase section */

/* Begin PBXTargetDependency section */
		EED4376C255EC6A800C42987 /* PBXTargetDependency */ = {
			isa = PBXTargetDependency;
			target = EED43753255EC69500C42987 /* WeatherApp */;
			targetProxy = EED4376B255EC6A800C42987 /* PBXContainerItemProxy */;
		};
		EED43777255EC6A800C42987 /* PBXTargetDependency */ = {
			isa = PBXTargetDependency;
			target = EED43753255EC69500C42987 /* WeatherApp */;
			targetProxy = EED43776255EC6A800C42987 /* PBXContainerItemProxy */;
		};
/* End PBXTargetDependency section */

/* Begin PBXVariantGroup section */
		EED4375D255EC69500C42987 /* Main.storyboard */ = {
			isa = PBXVariantGroup;
			children = (
				EED4375E255EC69500C42987 /* Base */,
			);
			name = Main.storyboard;
			sourceTree = "<group>";
		};
		EED43762255EC6A700C42987 /* LaunchScreen.storyboard */ = {
			isa = PBXVariantGroup;
			children = (
				EED43763255EC6A700C42987 /* Base */,
			);
			name = LaunchScreen.storyboard;
			sourceTree = "<group>";
		};
/* End PBXVariantGroup section */

/* Begin XCBuildConfiguration section */
		EED4377C255EC6A800C42987 /* Debug */ = {
			isa = XCBuildConfiguration;
			buildSettings = {
				ALWAYS_SEARCH_USER_PATHS = NO;
				CLANG_ANALYZER_NONNULL = YES;
				CLANG_ANALYZER_NUMBER_OBJECT_CONVERSION = YES_AGGRESSIVE;
				CLANG_CXX_LANGUAGE_STANDARD = "gnu++14";
				CLANG_CXX_LIBRARY = "libc++";
				CLANG_ENABLE_MODULES = YES;
				CLANG_ENABLE_OBJC_ARC = YES;
				CLANG_ENABLE_OBJC_WEAK = YES;
				CLANG_WARN_BLOCK_CAPTURE_AUTORELEASING = YES;
				CLANG_WARN_BOOL_CONVERSION = YES;
				CLANG_WARN_COMMA = YES;
				CLANG_WARN_CONSTANT_CONVERSION = YES;
				CLANG_WARN_DEPRECATED_OBJC_IMPLEMENTATIONS = YES;
				CLANG_WARN_DIRECT_OBJC_ISA_USAGE = YES_ERROR;
				CLANG_WARN_DOCUMENTATION_COMMENTS = YES;
				CLANG_WARN_EMPTY_BODY = YES;
				CLANG_WARN_ENUM_CONVERSION = YES;
				CLANG_WARN_INFINITE_RECURSION = YES;
				CLANG_WARN_INT_CONVERSION = YES;
				CLANG_WARN_NON_LITERAL_NULL_CONVERSION = YES;
				CLANG_WARN_OBJC_IMPLICIT_RETAIN_SELF = YES;
				CLANG_WARN_OBJC_LITERAL_CONVERSION = YES;
				CLANG_WARN_OBJC_ROOT_CLASS = YES_ERROR;
				CLANG_WARN_RANGE_LOOP_ANALYSIS = YES;
				CLANG_WARN_STRICT_PROTOTYPES = YES;
				CLANG_WARN_SUSPICIOUS_MOVE = YES;
				CLANG_WARN_UNGUARDED_AVAILABILITY = YES_AGGRESSIVE;
				CLANG_WARN_UNREACHABLE_CODE = YES;
				CLANG_WARN__DUPLICATE_METHOD_MATCH = YES;
				COPY_PHASE_STRIP = NO;
				DEBUG_INFORMATION_FORMAT = dwarf;
				ENABLE_STRICT_OBJC_MSGSEND = YES;
				ENABLE_TESTABILITY = YES;
				GCC_C_LANGUAGE_STANDARD = gnu11;
				GCC_DYNAMIC_NO_PIC = NO;
				GCC_NO_COMMON_BLOCKS = YES;
				GCC_OPTIMIZATION_LEVEL = 0;
				GCC_PREPROCESSOR_DEFINITIONS = (
					"DEBUG=1",
					"$(inherited)",
				);
				GCC_WARN_64_TO_32_BIT_CONVERSION = YES;
				GCC_WARN_ABOUT_RETURN_TYPE = YES_ERROR;
				GCC_WARN_UNDECLARED_SELECTOR = YES;
				GCC_WARN_UNINITIALIZED_AUTOS = YES_AGGRESSIVE;
				GCC_WARN_UNUSED_FUNCTION = YES;
				GCC_WARN_UNUSED_VARIABLE = YES;
				IPHONEOS_DEPLOYMENT_TARGET = 13.5;
				MTL_ENABLE_DEBUG_INFO = INCLUDE_SOURCE;
				MTL_FAST_MATH = YES;
				ONLY_ACTIVE_ARCH = YES;
				SDKROOT = iphoneos;
				SWIFT_ACTIVE_COMPILATION_CONDITIONS = DEBUG;
				SWIFT_OPTIMIZATION_LEVEL = "-Onone";
			};
			name = Debug;
		};
		EED4377D255EC6A800C42987 /* Release */ = {
			isa = XCBuildConfiguration;
			buildSettings = {
				ALWAYS_SEARCH_USER_PATHS = NO;
				CLANG_ANALYZER_NONNULL = YES;
				CLANG_ANALYZER_NUMBER_OBJECT_CONVERSION = YES_AGGRESSIVE;
				CLANG_CXX_LANGUAGE_STANDARD = "gnu++14";
				CLANG_CXX_LIBRARY = "libc++";
				CLANG_ENABLE_MODULES = YES;
				CLANG_ENABLE_OBJC_ARC = YES;
				CLANG_ENABLE_OBJC_WEAK = YES;
				CLANG_WARN_BLOCK_CAPTURE_AUTORELEASING = YES;
				CLANG_WARN_BOOL_CONVERSION = YES;
				CLANG_WARN_COMMA = YES;
				CLANG_WARN_CONSTANT_CONVERSION = YES;
				CLANG_WARN_DEPRECATED_OBJC_IMPLEMENTATIONS = YES;
				CLANG_WARN_DIRECT_OBJC_ISA_USAGE = YES_ERROR;
				CLANG_WARN_DOCUMENTATION_COMMENTS = YES;
				CLANG_WARN_EMPTY_BODY = YES;
				CLANG_WARN_ENUM_CONVERSION = YES;
				CLANG_WARN_INFINITE_RECURSION = YES;
				CLANG_WARN_INT_CONVERSION = YES;
				CLANG_WARN_NON_LITERAL_NULL_CONVERSION = YES;
				CLANG_WARN_OBJC_IMPLICIT_RETAIN_SELF = YES;
				CLANG_WARN_OBJC_LITERAL_CONVERSION = YES;
				CLANG_WARN_OBJC_ROOT_CLASS = YES_ERROR;
				CLANG_WARN_RANGE_LOOP_ANALYSIS = YES;
				CLANG_WARN_STRICT_PROTOTYPES = YES;
				CLANG_WARN_SUSPICIOUS_MOVE = YES;
				CLANG_WARN_UNGUARDED_AVAILABILITY = YES_AGGRESSIVE;
				CLANG_WARN_UNREACHABLE_CODE = YES;
				CLANG_WARN__DUPLICATE_METHOD_MATCH = YES;
				COPY_PHASE_STRIP = NO;
				DEBUG_INFORMATION_FORMAT = "dwarf-with-dsym";
				ENABLE_NS_ASSERTIONS = NO;
				ENABLE_STRICT_OBJC_MSGSEND = YES;
				GCC_C_LANGUAGE_STANDARD = gnu11;
				GCC_NO_COMMON_BLOCKS = YES;
				GCC_WARN_64_TO_32_BIT_CONVERSION = YES;
				GCC_WARN_ABOUT_RETURN_TYPE = YES_ERROR;
				GCC_WARN_UNDECLARED_SELECTOR = YES;
				GCC_WARN_UNINITIALIZED_AUTOS = YES_AGGRESSIVE;
				GCC_WARN_UNUSED_FUNCTION = YES;
				GCC_WARN_UNUSED_VARIABLE = YES;
				IPHONEOS_DEPLOYMENT_TARGET = 13.5;
				MTL_ENABLE_DEBUG_INFO = NO;
				MTL_FAST_MATH = YES;
				SDKROOT = iphoneos;
				SWIFT_COMPILATION_MODE = wholemodule;
				SWIFT_OPTIMIZATION_LEVEL = "-O";
				VALIDATE_PRODUCT = YES;
			};
			name = Release;
		};
		EED4377F255EC6A800C42987 /* Debug */ = {
			isa = XCBuildConfiguration;
			buildSettings = {
				ASSETCATALOG_COMPILER_APPICON_NAME = AppIcon;
				CODE_SIGN_STYLE = Automatic;
				INFOPLIST_FILE = WeatherApp/Info.plist;
				LD_RUNPATH_SEARCH_PATHS = (
					"$(inherited)",
					"@executable_path/Frameworks",
				);
				PRODUCT_BUNDLE_IDENTIFIER = JIS.WeatherApp;
				PRODUCT_NAME = "$(TARGET_NAME)";
				SWIFT_VERSION = 5.0;
				TARGETED_DEVICE_FAMILY = "1,2";
			};
			name = Debug;
		};
		EED43780255EC6A800C42987 /* Release */ = {
			isa = XCBuildConfiguration;
			buildSettings = {
				ASSETCATALOG_COMPILER_APPICON_NAME = AppIcon;
				CODE_SIGN_STYLE = Automatic;
				INFOPLIST_FILE = WeatherApp/Info.plist;
				LD_RUNPATH_SEARCH_PATHS = (
					"$(inherited)",
					"@executable_path/Frameworks",
				);
				PRODUCT_BUNDLE_IDENTIFIER = JIS.WeatherApp;
				PRODUCT_NAME = "$(TARGET_NAME)";
				SWIFT_VERSION = 5.0;
				TARGETED_DEVICE_FAMILY = "1,2";
			};
			name = Release;
		};
		EED43782255EC6A800C42987 /* Debug */ = {
			isa = XCBuildConfiguration;
			buildSettings = {
				ALWAYS_EMBED_SWIFT_STANDARD_LIBRARIES = YES;
				BUNDLE_LOADER = "$(TEST_HOST)";
				CODE_SIGN_STYLE = Automatic;
				INFOPLIST_FILE = WeatherAppTests/Info.plist;
				IPHONEOS_DEPLOYMENT_TARGET = 13.5;
				LD_RUNPATH_SEARCH_PATHS = (
					"$(inherited)",
					"@executable_path/Frameworks",
					"@loader_path/Frameworks",
				);
				PRODUCT_BUNDLE_IDENTIFIER = JIS.WeatherAppTests;
				PRODUCT_NAME = "$(TARGET_NAME)";
				SWIFT_VERSION = 5.0;
				TARGETED_DEVICE_FAMILY = "1,2";
				TEST_HOST = "$(BUILT_PRODUCTS_DIR)/WeatherApp.app/WeatherApp";
			};
			name = Debug;
		};
		EED43783255EC6A800C42987 /* Release */ = {
			isa = XCBuildConfiguration;
			buildSettings = {
				ALWAYS_EMBED_SWIFT_STANDARD_LIBRARIES = YES;
				BUNDLE_LOADER = "$(TEST_HOST)";
				CODE_SIGN_STYLE = Automatic;
				INFOPLIST_FILE = WeatherAppTests/Info.plist;
				IPHONEOS_DEPLOYMENT_TARGET = 13.5;
				LD_RUNPATH_SEARCH_PATHS = (
					"$(inherited)",
					"@executable_path/Frameworks",
					"@loader_path/Frameworks",
				);
				PRODUCT_BUNDLE_IDENTIFIER = JIS.WeatherAppTests;
				PRODUCT_NAME = "$(TARGET_NAME)";
				SWIFT_VERSION = 5.0;
				TARGETED_DEVICE_FAMILY = "1,2";
				TEST_HOST = "$(BUILT_PRODUCTS_DIR)/WeatherApp.app/WeatherApp";
			};
			name = Release;
		};
		EED43785255EC6A800C42987 /* Debug */ = {
			isa = XCBuildConfiguration;
			buildSettings = {
				ALWAYS_EMBED_SWIFT_STANDARD_LIBRARIES = YES;
				CODE_SIGN_STYLE = Automatic;
				INFOPLIST_FILE = WeatherAppUITests/Info.plist;
				LD_RUNPATH_SEARCH_PATHS = (
					"$(inherited)",
					"@executable_path/Frameworks",
					"@loader_path/Frameworks",
				);
				PRODUCT_BUNDLE_IDENTIFIER = JIS.WeatherAppUITests;
				PRODUCT_NAME = "$(TARGET_NAME)";
				SWIFT_VERSION = 5.0;
				TARGETED_DEVICE_FAMILY = "1,2";
				TEST_TARGET_NAME = WeatherApp;
			};
			name = Debug;
		};
		EED43786255EC6A800C42987 /* Release */ = {
			isa = XCBuildConfiguration;
			buildSettings = {
				ALWAYS_EMBED_SWIFT_STANDARD_LIBRARIES = YES;
				CODE_SIGN_STYLE = Automatic;
				INFOPLIST_FILE = WeatherAppUITests/Info.plist;
				LD_RUNPATH_SEARCH_PATHS = (
					"$(inherited)",
					"@executable_path/Frameworks",
					"@loader_path/Frameworks",
				);
				PRODUCT_BUNDLE_IDENTIFIER = JIS.WeatherAppUITests;
				PRODUCT_NAME = "$(TARGET_NAME)";
				SWIFT_VERSION = 5.0;
				TARGETED_DEVICE_FAMILY = "1,2";
				TEST_TARGET_NAME = WeatherApp;
			};
			name = Release;
		};
/* End XCBuildConfiguration section */

/* Begin XCConfigurationList section */
		EED4374F255EC69500C42987 /* Build configuration list for PBXProject "WeatherApp" */ = {
			isa = XCConfigurationList;
			buildConfigurations = (
				EED4377C255EC6A800C42987 /* Debug */,
				EED4377D255EC6A800C42987 /* Release */,
			);
			defaultConfigurationIsVisible = 0;
			defaultConfigurationName = Release;
		};
		EED4377E255EC6A800C42987 /* Build configuration list for PBXNativeTarget "WeatherApp" */ = {
			isa = XCConfigurationList;
			buildConfigurations = (
				EED4377F255EC6A800C42987 /* Debug */,
				EED43780255EC6A800C42987 /* Release */,
			);
			defaultConfigurationIsVisible = 0;
			defaultConfigurationName = Release;
		};
		EED43781255EC6A800C42987 /* Build configuration list for PBXNativeTarget "WeatherAppTests" */ = {
			isa = XCConfigurationList;
			buildConfigurations = (
				EED43782255EC6A800C42987 /* Debug */,
				EED43783255EC6A800C42987 /* Release */,
			);
			defaultConfigurationIsVisible = 0;
			defaultConfigurationName = Release;
		};
		EED43784255EC6A800C42987 /* Build configuration list for PBXNativeTarget "WeatherAppUITests" */ = {
			isa = XCConfigurationList;
			buildConfigurations = (
				EED43785255EC6A800C42987 /* Debug */,
				EED43786255EC6A800C42987 /* Release */,
			);
			defaultConfigurationIsVisible = 0;
			defaultConfigurationName = Release;
		};
/* End XCConfigurationList section */
	};
	rootObject = EED4374C255EC69500C42987 /* Project object */;
}
